# THIS IS AN AUTOGENERATED FILE. DO NOT EDIT THIS FILE DIRECTLY.
# yarn lockfile v1


"@esbuild/linux-loong64@0.14.54":
  version "0.14.54"
  resolved "http://npm.zhenguanyu.com/@esbuild/linux-loong64/download/@esbuild/linux-loong64-0.14.54.tgz#de2a4be678bd4d0d1ffbb86e6de779cde5999028"
  integrity sha1-3ipL5ni9TQ0f+7hubed5zeWZkCg=

"@rollup/pluginutils@^5.0.1":
  version "5.0.1"
  resolved "http://npm.zhenguanyu.com/@rollup/pluginutils/download/@rollup/pluginutils-5.0.1.tgz#63def51f5a76dadd984689d33c7f000164152a97"
  integrity sha1-Y971H1p22t2YRonTPH8AAWQVKpc=
  dependencies:
    "@types/estree" "^1.0.0"
    estree-walker "^2.0.2"
    picomatch "^2.3.1"

"@types/estree@^1.0.0":
  version "1.0.0"
  resolved "http://npm.zhenguanyu.com/@types/estree/download/@types/estree-1.0.0.tgz#5fb2e536c1ae9bf35366eed879e827fa59ca41c2"
  integrity sha1-X7LlNsGum/NTZu7Yeegn+lnKQcI=

"@types/jsdom@^20.0.0":
  version "20.0.0"
  resolved "http://npm.zhenguanyu.com/@types/jsdom/download/@types/jsdom-20.0.0.tgz#4414fb629465167f8b7b3804b9e067bdd99f1791"
  integrity sha1-RBT7YpRlFn+LezgEueBnvdmfF5E=
  dependencies:
    "@types/node" "*"
    "@types/tough-cookie" "*"
    parse5 "^7.0.0"

"@types/node@*":
  version "18.7.16"
  resolved "http://npm.zhenguanyu.com/@types/node/download/@types/node-18.7.16.tgz#0eb3cce1e37c79619943d2fd903919fc30850601"
  integrity sha1-DrPM4eN8eWGZQ9L9kDkZ/DCFBgE=

"@types/node@16":
  version "16.11.58"
  resolved "http://npm.zhenguanyu.com/@types/node/download/@types/node-16.11.58.tgz#0a3698dee3492617a8d5fe7998d18d7520b63026"
  integrity sha1-CjaY3uNJJheo1f55mNGNdSC2MCY=

"@types/tough-cookie@*":
  version "4.0.2"
  resolved "http://npm.zhenguanyu.com/@types/tough-cookie/download/@types/tough-cookie-4.0.2.tgz#6286b4c7228d58ab7866d19716f3696e03a09397"
  integrity sha1-Yoa0xyKNWKt4ZtGXFvNpbgOgk5c=

entities@^4.4.0:
  version "4.4.0"
  resolved "https://registry.yarnpkg.com/entities/-/entities-4.4.0.tgz#97bdaba170339446495e653cfd2db78962900174"
  integrity sha512-oYp7156SP8LkeGD0GF85ad1X9Ai79WtRsZ2gxJqtBuzH+98YUV6jkHEKlZkMbcrjJjIVJNIDP/3WL9wQkoPbWA==

esbuild-android-64@0.14.54:
  version "0.14.54"
  resolved "http://npm.zhenguanyu.com/esbuild-android-64/download/esbuild-android-64-0.14.54.tgz#505f41832884313bbaffb27704b8bcaa2d8616be"
  integrity sha1-UF9BgyiEMTu6/7J3BLi8qi2GFr4=

esbuild-android-arm64@0.14.54:
  version "0.14.54"
  resolved "http://npm.zhenguanyu.com/esbuild-android-arm64/download/esbuild-android-arm64-0.14.54.tgz#8ce69d7caba49646e009968fe5754a21a9871771"
  integrity sha1-jOadfKuklkbgCZaP5XVKIamHF3E=

esbuild-darwin-64@0.14.54:
  version "0.14.54"
  resolved "http://npm.zhenguanyu.com/esbuild-darwin-64/download/esbuild-darwin-64-0.14.54.tgz#24ba67b9a8cb890a3c08d9018f887cc221cdda25"
  integrity sha1-JLpnuajLiQo8CNkBj4h8wiHN2iU=

esbuild-darwin-arm64@0.14.54:
  version "0.14.54"
  resolved "http://npm.zhenguanyu.com/esbuild-darwin-arm64/download/esbuild-darwin-arm64-0.14.54.tgz#3f7cdb78888ee05e488d250a2bdaab1fa671bf73"
  integrity sha1-P3zbeIiO4F5IjSUKK9qrH6Zxv3M=

esbuild-freebsd-64@0.14.54:
  version "0.14.54"
  resolved "http://npm.zhenguanyu.com/esbuild-freebsd-64/download/esbuild-freebsd-64-0.14.54.tgz#09250f997a56ed4650f3e1979c905ffc40bbe94d"
  integrity sha1-CSUPmXpW7UZQ8+GXnJBf/EC76U0=

esbuild-freebsd-arm64@0.14.54:
  version "0.14.54"
  resolved "http://npm.zhenguanyu.com/esbuild-freebsd-arm64/download/esbuild-freebsd-arm64-0.14.54.tgz#bafb46ed04fc5f97cbdb016d86947a79579f8e48"
  integrity sha1-uvtG7QT8X5fL2wFthpR6eVefjkg=

esbuild-linux-32@0.14.54:
  version "0.14.54"
  resolved "http://npm.zhenguanyu.com/esbuild-linux-32/download/esbuild-linux-32-0.14.54.tgz#e2a8c4a8efdc355405325033fcebeb941f781fe5"
  integrity sha1-4qjEqO/cNVQFMlAz/OvrlB94H+U=

esbuild-linux-64@0.14.54:
  version "0.14.54"
  resolved "http://npm.zhenguanyu.com/esbuild-linux-64/download/esbuild-linux-64-0.14.54.tgz#de5fdba1c95666cf72369f52b40b03be71226652"
  integrity sha1-3l/boclWZs9yNp9StAsDvnEiZlI=

esbuild-linux-arm64@0.14.54:
  version "0.14.54"
  resolved "http://npm.zhenguanyu.com/esbuild-linux-arm64/download/esbuild-linux-arm64-0.14.54.tgz#dae4cd42ae9787468b6a5c158da4c84e83b0ce8b"
  integrity sha1-2uTNQq6Xh0aLalwVjaTIToOwzos=

esbuild-linux-arm@0.14.54:
  version "0.14.54"
  resolved "http://npm.zhenguanyu.com/esbuild-linux-arm/download/esbuild-linux-arm-0.14.54.tgz#a2c1dff6d0f21dbe8fc6998a122675533ddfcd59"
  integrity sha1-osHf9tDyHb6PxpmKEiZ1Uz3fzVk=

esbuild-linux-mips64le@0.14.54:
  version "0.14.54"
  resolved "http://npm.zhenguanyu.com/esbuild-linux-mips64le/download/esbuild-linux-mips64le-0.14.54.tgz#d9918e9e4cb972f8d6dae8e8655bf9ee131eda34"
  integrity sha1-2ZGOnky5cvjW2ujoZVv57hMe2jQ=

esbuild-linux-ppc64le@0.14.54:
  version "0.14.54"
  resolved "http://npm.zhenguanyu.com/esbuild-linux-ppc64le/download/esbuild-linux-ppc64le-0.14.54.tgz#3f9a0f6d41073fb1a640680845c7de52995f137e"
  integrity sha1-P5oPbUEHP7GmQGgIRcfeUplfE34=

esbuild-linux-riscv64@0.14.54:
  version "0.14.54"
  resolved "http://npm.zhenguanyu.com/esbuild-linux-riscv64/download/esbuild-linux-riscv64-0.14.54.tgz#618853c028178a61837bc799d2013d4695e451c8"
  integrity sha1-YYhTwCgXimGDe8eZ0gE9RpXkUcg=

esbuild-linux-s390x@0.14.54:
  version "0.14.54"
  resolved "http://npm.zhenguanyu.com/esbuild-linux-s390x/download/esbuild-linux-s390x-0.14.54.tgz#d1885c4c5a76bbb5a0fe182e2c8c60eb9e29f2a6"
  integrity sha1-0YhcTFp2u7Wg/hguLIxg654p8qY=

esbuild-netbsd-64@0.14.54:
  version "0.14.54"
  resolved "http://npm.zhenguanyu.com/esbuild-netbsd-64/download/esbuild-netbsd-64-0.14.54.tgz#69ae917a2ff241b7df1dbf22baf04bd330349e81"
  integrity sha1-aa6Rei/yQbffHb8iuvBL0zA0noE=

esbuild-openbsd-64@0.14.54:
  version "0.14.54"
  resolved "http://npm.zhenguanyu.com/esbuild-openbsd-64/download/esbuild-openbsd-64-0.14.54.tgz#db4c8495287a350a6790de22edea247a57c5d47b"
  integrity sha1-20yElSh6NQpnkN4i7eokelfF1Hs=

esbuild-sunos-64@0.14.54:
  version "0.14.54"
  resolved "http://npm.zhenguanyu.com/esbuild-sunos-64/download/esbuild-sunos-64-0.14.54.tgz#54287ee3da73d3844b721c21bc80c1dc7e1bf7da"
  integrity sha1-VCh+49pz04RLchwhvIDB3H4b99o=

esbuild-windows-32@0.14.54:
  version "0.14.54"
  resolved "http://npm.zhenguanyu.com/esbuild-windows-32/download/esbuild-windows-32-0.14.54.tgz#f8aaf9a5667630b40f0fb3aa37bf01bbd340ce31"
  integrity sha1-+Kr5pWZ2MLQPD7OqN78Bu9NAzjE=

esbuild-windows-64@0.14.54:
  version "0.14.54"
  resolved "http://npm.zhenguanyu.com/esbuild-windows-64/download/esbuild-windows-64-0.14.54.tgz#bf54b51bd3e9b0f1886ffdb224a4176031ea0af4"
  integrity sha1-v1S1G9PpsPGIb/2yJKQXYDHqCvQ=

esbuild-windows-arm64@0.14.54:
  version "0.14.54"
  resolved "http://npm.zhenguanyu.com/esbuild-windows-arm64/download/esbuild-windows-arm64-0.14.54.tgz#937d15675a15e4b0e4fafdbaa3a01a776a2be982"
  integrity sha1-k30VZ1oV5LDk+v26o6Aad2or6YI=

esbuild@^0.14.27:
  version "0.14.54"
  resolved "http://npm.zhenguanyu.com/esbuild/download/esbuild-0.14.54.tgz#8b44dcf2b0f1a66fc22459943dccf477535e9aa2"
  integrity sha1-i0Tc8rDxpm/CJFmUPcz0d1NemqI=
  optionalDependencies:
    "@esbuild/linux-loong64" "0.14.54"
    esbuild-android-64 "0.14.54"
    esbuild-android-arm64 "0.14.54"
    esbuild-darwin-64 "0.14.54"
    esbuild-darwin-arm64 "0.14.54"
    esbuild-freebsd-64 "0.14.54"
    esbuild-freebsd-arm64 "0.14.54"
    esbuild-linux-32 "0.14.54"
    esbuild-linux-64 "0.14.54"
    esbuild-linux-arm "0.14.54"
    esbuild-linux-arm64 "0.14.54"
    esbuild-linux-mips64le "0.14.54"
    esbuild-linux-ppc64le "0.14.54"
    esbuild-linux-riscv64 "0.14.54"
    esbuild-linux-s390x "0.14.54"
    esbuild-netbsd-64 "0.14.54"
    esbuild-openbsd-64 "0.14.54"
    esbuild-sunos-64 "0.14.54"
    esbuild-windows-32 "0.14.54"
    esbuild-windows-64 "0.14.54"
    esbuild-windows-arm64 "0.14.54"

estree-walker@^2.0.2:
  version "2.0.2"
  resolved "http://npm.zhenguanyu.com/estree-walker/download/estree-walker-2.0.2.tgz#52f010178c2a4c117a7757cfe942adb7d2da4cac"
  integrity sha1-UvAQF4wqTBF6d1fP6UKtt9LaTKw=

fsevents@~2.3.2:
  version "2.3.2"
  resolved "https://registry.yarnpkg.com/fsevents/-/fsevents-2.3.2.tgz#8a526f78b8fdf4623b709e0b975c52c24c02fd1a"
  integrity sha512-xiqMQR4xAeHTuB9uWm+fFRcIOgKBMiOBP+eXiyT7jsgVCq1bkVygt00oASowB7EdtpOHaaPgKt812P9ab+DDKA==

function-bind@^1.1.1:
  version "1.1.1"
  resolved "https://registry.yarnpkg.com/function-bind/-/function-bind-1.1.1.tgz#a56899d3ea3c9bab874bb9773b7c5ede92f4895d"
  integrity sha512-yIovAzMX49sF8Yl58fSCWJ5svSLuaibPxXQJFLmBObTuCr0Mf1KiPopGM9NiFjiYBCbfaa2Fh6breQ6ANVTI0A==

has@^1.0.3:
  version "1.0.3"
  resolved "https://registry.yarnpkg.com/has/-/has-1.0.3.tgz#722d7cbfc1f6aa8241f16dd814e011e1f41e8796"
  integrity sha512-f2dvO0VU6Oej7RkWJGrehjbzMAjFp5/VKPp5tTpWIV4JHHZK1/BxbFRtf/siA2SWTe09caDmVtYYzWEIbBS4zw==
  dependencies:
    function-bind "^1.1.1"

is-core-module@^2.9.0:
  version "2.10.0"
  resolved "https://registry.yarnpkg.com/is-core-module/-/is-core-module-2.10.0.tgz#9012ede0a91c69587e647514e1d5277019e728ed"
  integrity sha512-Erxj2n/LDAZ7H8WNJXd9tw38GYM3dv8rk8Zcs+jJuxYTW7sozH+SS8NtrSjVL1/vpLvWi1hxy96IzjJ3EHTJJg==
  dependencies:
    has "^1.0.3"

nanoid@^3.3.4:
  version "3.3.4"
  resolved "https://registry.yarnpkg.com/nanoid/-/nanoid-3.3.4.tgz#730b67e3cd09e2deacf03c027c81c9d9dbc5e8ab"
  integrity sha512-MqBkQh/OHTS2egovRtLk45wEyNXwF+cokD+1YPf9u5VfJiRdAiRwB2froX5Co9Rh20xs4siNPm8naNotSD6RBw==

parse5@^7.0.0:
  version "7.1.1"
  resolved "https://registry.yarnpkg.com/parse5/-/parse5-7.1.1.tgz#4649f940ccfb95d8754f37f73078ea20afe0c746"
  integrity sha512-kwpuwzB+px5WUg9pyK0IcK/shltJN5/OVhQagxhCQNtT9Y9QRZqNY2e1cmbu/paRh5LMnz/oVTVLBpjFmMZhSg==
  dependencies:
    entities "^4.4.0"

path-parse@^1.0.7:
  version "1.0.7"
  resolved "https://registry.yarnpkg.com/path-parse/-/path-parse-1.0.7.tgz#fbc114b60ca42b30d9daf5858e4bd68bbedb6735"
  integrity sha512-LDJzPVEEEPR+y48z93A0Ed0yXb8pAByGWo/k5YYdYgpY2/2EsOsksJrq7lOHxryrVOn1ejG6oAp8ahvOIQD8sw==

picocolors@^1.0.0:
  version "1.0.0"
  resolved "https://registry.yarnpkg.com/picocolors/-/picocolors-1.0.0.tgz#cb5bdc74ff3f51892236eaf79d68bc44564ab81c"
  integrity sha512-1fygroTLlHu66zi26VoTDv8yRgm0Fccecssto+MhsZ0D/DGW2sm8E8AjW7NU5VVTRt5GxbeZ5qBuJr+HyLYkjQ==

picomatch@^2.3.1:
  version "2.3.1"
  resolved "http://npm.zhenguanyu.com/picomatch/download/picomatch-2.3.1.tgz#3ba3833733646d9d3e4995946c1365a67fb07a42"
  integrity sha1-O6ODNzNkbZ0+SZWUbBNlpn+wekI=

postcss@^8.4.13:
  version "8.4.18"
  resolved "http://npm.zhenguanyu.com/postcss/download/postcss-8.4.18.tgz#6d50046ea7d3d66a85e0e782074e7203bc7fbca2"
  integrity sha1-bVAEbqfT1mqF4OeCB05yA7x/vKI=
  dependencies:
    nanoid "^3.3.4"
    picocolors "^1.0.0"
    source-map-js "^1.0.2"

prettier@^2.7.1:
  version "2.7.1"
  resolved "http://npm.zhenguanyu.com/prettier/download/prettier-2.7.1.tgz#e235806850d057f97bb08368a4f7d899f7760c64"
  integrity sha1-4jWAaFDQV/l7sINopPfYmfd2DGQ=

resolve@^1.22.0:
  version "1.22.1"
  resolved "http://npm.zhenguanyu.com/resolve/download/resolve-1.22.1.tgz#27cb2ebb53f91abb49470a928bba7558066ac177"
  integrity sha1-J8suu1P5GrtJRwqSi7p1WAZqwXc=
  dependencies:
    is-core-module "^2.9.0"
    path-parse "^1.0.7"
    supports-preserve-symlinks-flag "^1.0.0"

"rollup@>=2.59.0 <2.78.0":
  version "2.77.3"
  resolved "http://npm.zhenguanyu.com/rollup/download/rollup-2.77.3.tgz#8f00418d3a2740036e15deb653bed1a90ee0cc12"
  integrity sha1-jwBBjTonQANuFd62U77RqQ7gzBI=
  optionalDependencies:
    fsevents "~2.3.2"

source-map-js@^1.0.2:
  version "1.0.2"
  resolved "https://registry.yarnpkg.com/source-map-js/-/source-map-js-1.0.2.tgz#adbc361d9c62df380125e7f161f71c826f1e490c"
  integrity sha512-R0XvVJ9WusLiqTCEiGCmICCMplcCkIwwR11mOSD9CR5u+IXYdiseeEuXCVAjS54zqwkLcPNnmU4OeJ6tUrWhDw==

supports-preserve-symlinks-flag@^1.0.0:
  version "1.0.0"
  resolved "https://registry.yarnpkg.com/supports-preserve-symlinks-flag/-/supports-preserve-symlinks-flag-1.0.0.tgz#6eda4bd344a3c94aea376d4cc31bc77311039e09"
  integrity sha512-ot0WnXS9fgdkgIcePe6RHNk1WA8+muPa6cSjeR3V8K27q9BB1rTE3R1p7Hv0z1ZyAc8s6Vvv8DIyWf681MAt0w==

typescript@4.6.3:
  version "4.6.3"
  resolved "http://npm.zhenguanyu.com/typescript/download/typescript-4.6.3.tgz#eefeafa6afdd31d725584c67a0eaba80f6fc6c6c"
  integrity sha1-7v6vpq/dMdclWExnoOq6gPb8bGw=

vite@^2.7.12:
  version "2.9.15"
  resolved "http://npm.zhenguanyu.com/vite/download/vite-2.9.15.tgz#2858dd5b2be26aa394a283e62324281892546f0b"
  integrity sha1-KFjdWyviaqOUooPmIyQoGJJUbws=
  dependencies:
    esbuild "^0.14.27"
    postcss "^8.4.13"
    resolve "^1.22.0"
    rollup ">=2.59.0 <2.78.0"
  optionalDependencies:
    fsevents "~2.3.2"
